
Microsoft Visual Studio Solution File, Format Version 12.00
# Visual Studio 2013
VisualStudioVersion = 12.0.21005.1
MinimumVisualStudioVersion = 10.0.40219.1
Project("{FAE04EC0-301F-11D3-BF4B-00C04F79EFBC}") = "CJHWeb", "CJHWooks\CJHWeb.csproj", "{C45231CF-13C1-4F16-9485-1F68C8999A5B}"
EndProject
Project("{FAE04EC0-301F-11D3-BF4B-00C04F79EFBC}") = "CJH.Common", "CJH.Common\CJH.Common.csproj", "{CFD5B9A4-171F-4E8E-9FFE-15949D35F5C1}"
EndProject
Project("{FAE04EC0-301F-11D3-BF4B-00C04F79EFBC}") = "CJH.DBUtility", "CJH.DBUtility\CJH.DBUtility.csproj", "{9E26430B-D75D-4B77-9DC1-1C77B073295A}"
EndProject
Project("{FAE04EC0-301F-11D3-BF4B-00C04F79EFBC}") = "CJH.BLL", "CJH.BLL\CJH.BLL.csproj", "{825F9F40-E124-4F8F-982C-5488328C8F70}"
EndProject
Project("{FAE04EC0-301F-11D3-BF4B-00C04F79EFBC}") = "CJH.DAL", "CJH.DAL\CJH.DAL.csproj", "{DEF5570C-02B3-4765-92A1-56A95DB4576B}"
EndProject
Project("{FAE04EC0-301F-11D3-BF4B-00C04F79EFBC}") = "CJH.Model", "CJH.Model\CJH.Model.csproj", "{2B045F76-6D15-464E-B689-A87E0A5F28E4}"
EndProject
Project("{FAE04EC0-301F-11D3-BF4B-00C04F79EFBC}") = "CJHWServer", "CJHWServer\CJHWServer.csproj", "{D29A5FF8-C5AC-4A72-BC52-63C538A5CB30}"
EndProject
Project("{E24C65DC-7377-472B-9ABA-BC803B73C61A}") = "CJHToolWeb", "http://localhost:15246", "{991A288B-A756-40BA-BC2E-05484727C488}"
	ProjectSection(WebsiteProperties) = preProject
		UseIISExpress = "true"
		TargetFrameworkMoniker = ".NETFramework,Version%3Dv4.5"
		ProjectReferences = "{825f9f40-e124-4f8f-982c-5488328c8f70}|CJH.BLL.dll;{CFD5B9A4-171F-4E8E-9FFE-15949D35F5C1}|CJH.Common.dll;{DEF5570C-02B3-4765-92A1-56A95DB4576B}|CJH.DAL.dll;{9E26430B-D75D-4B77-9DC1-1C77B073295A}|CJH.DBUtility.dll;{2B045F76-6D15-464E-B689-A87E0A5F28E4}|CJH.Model.dll;"
		Debug.AspNetCompiler.VirtualPath = "/localhost_15246"
		Debug.AspNetCompiler.PhysicalPath = "CJHToolWeb\"
		Debug.AspNetCompiler.TargetPath = "PrecompiledWeb\localhost_15246\"
		Debug.AspNetCompiler.Updateable = "true"
		Debug.AspNetCompiler.ForceOverwrite = "true"
		Debug.AspNetCompiler.FixedNames = "false"
		Debug.AspNetCompiler.Debug = "True"
		Release.AspNetCompiler.VirtualPath = "/localhost_15246"
		Release.AspNetCompiler.PhysicalPath = "CJHToolWeb\"
		Release.AspNetCompiler.TargetPath = "PrecompiledWeb\localhost_15246\"
		Release.AspNetCompiler.Updateable = "true"
		Release.AspNetCompiler.ForceOverwrite = "true"
		Release.AspNetCompiler.FixedNames = "false"
		Release.AspNetCompiler.Debug = "False"
		SlnRelativePath = "CJHToolWeb\"
		DefaultWebSiteLanguage = "Visual C#"
	EndProjectSection
	ProjectSection(ProjectDependencies) = postProject
		{D29A5FF8-C5AC-4A72-BC52-63C538A5CB30} = {D29A5FF8-C5AC-4A72-BC52-63C538A5CB30}
	EndProjectSection
EndProject
Project("{FAE04EC0-301F-11D3-BF4B-00C04F79EFBC}") = "WebApp", "WebApp\WebApp.csproj", "{699D7A32-566E-4B60-98FB-84CB9677BB18}"
EndProject
Project("{FAE04EC0-301F-11D3-BF4B-00C04F79EFBC}") = "CJHToolForWin", "CJHToolForWin\CJHToolForWin.csproj", "{001D6805-5C8A-4E12-884E-A2CE3B690A81}"
EndProject
Global
	GlobalSection(SolutionConfigurationPlatforms) = preSolution
		Debug|Any CPU = Debug|Any CPU
		Release|Any CPU = Release|Any CPU
	EndGlobalSection
	GlobalSection(ProjectConfigurationPlatforms) = postSolution
		{C45231CF-13C1-4F16-9485-1F68C8999A5B}.Debug|Any CPU.ActiveCfg = Debug|Any CPU
		{C45231CF-13C1-4F16-9485-1F68C8999A5B}.Debug|Any CPU.Build.0 = Debug|Any CPU
		{C45231CF-13C1-4F16-9485-1F68C8999A5B}.Release|Any CPU.ActiveCfg = Release|Any CPU
		{C45231CF-13C1-4F16-9485-1F68C8999A5B}.Release|Any CPU.Build.0 = Release|Any CPU
		{CFD5B9A4-171F-4E8E-9FFE-15949D35F5C1}.Debug|Any CPU.ActiveCfg = Debug|Any CPU
		{CFD5B9A4-171F-4E8E-9FFE-15949D35F5C1}.Debug|Any CPU.Build.0 = Debug|Any CPU
		{CFD5B9A4-171F-4E8E-9FFE-15949D35F5C1}.Release|Any CPU.ActiveCfg = Release|Any CPU
		{CFD5B9A4-171F-4E8E-9FFE-15949D35F5C1}.Release|Any CPU.Build.0 = Release|Any CPU
		{9E26430B-D75D-4B77-9DC1-1C77B073295A}.Debug|Any CPU.ActiveCfg = Debug|Any CPU
		{9E26430B-D75D-4B77-9DC1-1C77B073295A}.Debug|Any CPU.Build.0 = Debug|Any CPU
		{9E26430B-D75D-4B77-9DC1-1C77B073295A}.Release|Any CPU.ActiveCfg = Release|Any CPU
		{9E26430B-D75D-4B77-9DC1-1C77B073295A}.Release|Any CPU.Build.0 = Release|Any CPU
		{825F9F40-E124-4F8F-982C-5488328C8F70}.Debug|Any CPU.ActiveCfg = Debug|Any CPU
		{825F9F40-E124-4F8F-982C-5488328C8F70}.Debug|Any CPU.Build.0 = Debug|Any CPU
		{825F9F40-E124-4F8F-982C-5488328C8F70}.Release|Any CPU.ActiveCfg = Release|Any CPU
		{825F9F40-E124-4F8F-982C-5488328C8F70}.Release|Any CPU.Build.0 = Release|Any CPU
		{DEF5570C-02B3-4765-92A1-56A95DB4576B}.Debug|Any CPU.ActiveCfg = Debug|Any CPU
		{DEF5570C-02B3-4765-92A1-56A95DB4576B}.Debug|Any CPU.Build.0 = Debug|Any CPU
		{DEF5570C-02B3-4765-92A1-56A95DB4576B}.Release|Any CPU.ActiveCfg = Release|Any CPU
		{DEF5570C-02B3-4765-92A1-56A95DB4576B}.Release|Any CPU.Build.0 = Release|Any CPU
		{2B045F76-6D15-464E-B689-A87E0A5F28E4}.Debug|Any CPU.ActiveCfg = Debug|Any CPU
		{2B045F76-6D15-464E-B689-A87E0A5F28E4}.Debug|Any CPU.Build.0 = Debug|Any CPU
		{2B045F76-6D15-464E-B689-A87E0A5F28E4}.Release|Any CPU.ActiveCfg = Release|Any CPU
		{2B045F76-6D15-464E-B689-A87E0A5F28E4}.Release|Any CPU.Build.0 = Release|Any CPU
		{D29A5FF8-C5AC-4A72-BC52-63C538A5CB30}.Debug|Any CPU.ActiveCfg = Debug|Any CPU
		{D29A5FF8-C5AC-4A72-BC52-63C538A5CB30}.Debug|Any CPU.Build.0 = Debug|Any CPU
		{D29A5FF8-C5AC-4A72-BC52-63C538A5CB30}.Release|Any CPU.ActiveCfg = Release|Any CPU
		{D29A5FF8-C5AC-4A72-BC52-63C538A5CB30}.Release|Any CPU.Build.0 = Release|Any CPU
		{991A288B-A756-40BA-BC2E-05484727C488}.Debug|Any CPU.ActiveCfg = Debug|Any CPU
		{991A288B-A756-40BA-BC2E-05484727C488}.Debug|Any CPU.Build.0 = Debug|Any CPU
		{991A288B-A756-40BA-BC2E-05484727C488}.Release|Any CPU.ActiveCfg = Debug|Any CPU
		{991A288B-A756-40BA-BC2E-05484727C488}.Release|Any CPU.Build.0 = Debug|Any CPU
		{699D7A32-566E-4B60-98FB-84CB9677BB18}.Debug|Any CPU.ActiveCfg = Debug|Any CPU
		{699D7A32-566E-4B60-98FB-84CB9677BB18}.Debug|Any CPU.Build.0 = Debug|Any CPU
		{699D7A32-566E-4B60-98FB-84CB9677BB18}.Release|Any CPU.ActiveCfg = Release|Any CPU
		{699D7A32-566E-4B60-98FB-84CB9677BB18}.Release|Any CPU.Build.0 = Release|Any CPU
		{001D6805-5C8A-4E12-884E-A2CE3B690A81}.Debug|Any CPU.ActiveCfg = Debug|Any CPU
		{001D6805-5C8A-4E12-884E-A2CE3B690A81}.Debug|Any CPU.Build.0 = Debug|Any CPU
		{001D6805-5C8A-4E12-884E-A2CE3B690A81}.Release|Any CPU.ActiveCfg = Release|Any CPU
		{001D6805-5C8A-4E12-884E-A2CE3B690A81}.Release|Any CPU.Build.0 = Release|Any CPU
	EndGlobalSection
	GlobalSection(SolutionProperties) = preSolution
		HideSolutionNode = FALSE
	EndGlobalSection
EndGlobal
